
Microsoft Visual Studio Solution File, Format Version 12.00
# Visual Studio 15
VisualStudioVersion = 15.0.28307.329
MinimumVisualStudioVersion = 10.0.40219.1
Project("{FAE04EC0-301F-11D3-BF4B-00C04F79EFBC}") = "Project4", "Project4\Project4.csproj", "{642F09DB-6594-4007-AB8F-C4845DFC878B}"
EndProject
Project("{FAE04EC0-301F-11D3-BF4B-00C04F79EFBC}") = "Project4Library", "Project4Library\Project4Library.csproj", "{3BF68206-850C-47C3-9CE5-40DF31E93C3E}"
EndProject
Project("{FAE04EC0-301F-11D3-BF4B-00C04F79EFBC}") = "APIObjects", "APIObjects\APIObjects.csproj", "{FF739AD7-1075-4030-9916-A177EE3CC0C5}"
EndProject
Global
	GlobalSection(SolutionConfigurationPlatforms) = preSolution
		Debug|Any CPU = Debug|Any CPU
		Release|Any CPU = Release|Any CPU
	EndGlobalSection
	GlobalSection(ProjectConfigurationPlatforms) = postSolution
		{642F09DB-6594-4007-AB8F-C4845DFC878B}.Debug|Any CPU.ActiveCfg = Debug|Any CPU
		{642F09DB-6594-4007-AB8F-C4845DFC878B}.Debug|Any CPU.Build.0 = Debug|Any CPU
		{642F09DB-6594-4007-AB8F-C4845DFC878B}.Release|Any CPU.ActiveCfg = Release|Any CPU
		{642F09DB-6594-4007-AB8F-C4845DFC878B}.Release|Any CPU.Build.0 = Release|Any CPU
		{3BF68206-850C-47C3-9CE5-40DF31E93C3E}.Debug|Any CPU.ActiveCfg = Debug|Any CPU
		{3BF68206-850C-47C3-9CE5-40DF31E93C3E}.Debug|Any CPU.Build.0 = Debug|Any CPU
		{3BF68206-850C-47C3-9CE5-40DF31E93C3E}.Release|Any CPU.ActiveCfg = Release|Any CPU
		{3BF68206-850C-47C3-9CE5-40DF31E93C3E}.Release|Any CPU.Build.0 = Release|Any CPU
		{FF739AD7-1075-4030-9916-A177EE3CC0C5}.Debug|Any CPU.ActiveCfg = Debug|Any CPU
		{FF739AD7-1075-4030-9916-A177EE3CC0C5}.Debug|Any CPU.Build.0 = Debug|Any CPU
		{FF739AD7-1075-4030-9916-A177EE3CC0C5}.Release|Any CPU.ActiveCfg = Release|Any CPU
		{FF739AD7-1075-4030-9916-A177EE3CC0C5}.Release|Any CPU.Build.0 = Release|Any CPU
	EndGlobalSection
	GlobalSection(SolutionProperties) = preSolution
		HideSolutionNode = FALSE
	EndGlobalSection
	GlobalSection(ExtensibilityGlobals) = postSolution
		SolutionGuid = {A51B2ECE-45C4-4034-A645-06888BBB92F2}
	EndGlobalSection
EndGlobal
